PODS:
  - Kiwi (2.3.1)
  - TransitionKit (2.2.1)

DEPENDENCIES:
  - Kiwi (~> 2.3.0)
  - TransitionKit (from `.`)

SPEC REPOS:
  https://github.com/CocoaPods/Specs.git:
    - Kiwi

EXTERNAL SOURCES:
  TransitionKit:
    :path: "."

SPEC CHECKSUMS:
  Kiwi: f038a6c61f7a9e4d7766bff5717aa3b3fdb75f55
  TransitionKit: 9ceccda4cd0cdc0a05ef85eb235e5a3292c3c250

PODFILE CHECKSUM: 3ea0d338abf38a0627dd779f923eec3cbc26ebd3

COCOAPODS: 1.9.3
